#MicroXplorer Configuration settings - do not modify
Mcu.Family=STM32F7
NVIC.USART3_IRQn=true\:0\:0\:false\:false\:true\:true\:true
ProjectManager.MainLocation=Core/Src
RCC.I2SFreq_Value=192000000
RCC.PLLQoutputFreq_Value=216000000
RCC.USART1Freq_Value=108000000
ProjectManager.ProjectFileName=sensors.ioc
SH.ADCx_IN13.0=ADC1_IN13,IN13
RCC.SAI1Freq_Value=192000000
RCC.CortexFreq_Value=216000000
RCC.UART7Freq_Value=54000000
ProjectManager.KeepUserCode=true
Mcu.UserName=STM32F767ZITx
Mcu.PinsNb=8
ADC1.ContinuousConvMode=DISABLE
ProjectManager.NoMain=false
ADC1.IPParameters=Rank-1\#ChannelRegularConversion,master,Channel-1\#ChannelRegularConversion,SamplingTime-1\#ChannelRegularConversion,NbrOfConversionFlag,ExternalTrigConv,ContinuousConvMode,NbrOfConversion,EOCSelection
RCC.PLLCLKFreq_Value=216000000
RCC.PLLRFreq_Value=216000000
RCC.PLLQCLKFreq_Value=216000000
ProjectManager.functionlistsort=1-MX_GPIO_Init-GPIO-false-HAL-true,2-SystemClock_Config-RCC-false-HAL-false,3-MX_ADC1_Init-ADC1-false-HAL-true,4-MX_TIM6_Init-TIM6-false-HAL-true,5-MX_USART3_UART_Init-USART3-false-HAL-true,0-MX_CORTEX_M7_Init-CORTEX_M7-false-HAL-true
TIM6.Prescaler=863
VP_TIM6_VS_ClockSourceINT.Mode=Enable_Timer
PD8.Locked=true
PD0.GPIO_Label=PinA
PC3.Locked=true
SH.GPXTI0.ConfNb=1
PD1.Signal=GPIO_Input
ProjectManager.DefaultFWLocation=true
PD9.Signal=USART3_RX
RCC.PLLI2SRCLKFreq_Value=192000000
RCC.USART2Freq_Value=54000000
PD0.Locked=true
ProjectManager.DeletePrevious=true
RCC.UART8Freq_Value=54000000
RCC.APB1CLKDivider=RCC_HCLK_DIV4
PD9.Mode=Asynchronous
PinOutPanel.RotationAngle=0
RCC.FamilyName=M
RCC.SYSCLKSource=RCC_SYSCLKSOURCE_PLLCLK
ProjectManager.StackSize=0x400
VP_TIM6_VS_ClockSourceINT.Signal=TIM6_VS_ClockSourceINT
USART3.VirtualMode-Asynchronous=VM_ASYNC
RCC.I2C3Freq_Value=54000000
RCC.LPTIM1Freq_Value=54000000
Mcu.IP4=SYS
RCC.FCLKCortexFreq_Value=216000000
Mcu.IP5=TIM6
TIM6.AutoReloadPreload=TIM_AUTORELOAD_PRELOAD_ENABLE
Mcu.IP2=NVIC
NVIC.SVCall_IRQn=true\:0\:0\:false\:false\:true\:false\:false
NVIC.ADC_IRQn=true\:0\:0\:false\:false\:true\:true\:true
Mcu.IP3=RCC
Mcu.IP0=ADC1
Mcu.IP1=CORTEX_M7
TIM6.IPParameters=Prescaler,Period,AutoReloadPreload,TIM_MasterOutputTrigger
Mcu.UserConstants=
ProjectManager.TargetToolchain=STM32CubeIDE
RCC.LCDTFTFreq_Value=96000000
RCC.SDMMCFreq_Value=216000000
RCC.USART6Freq_Value=108000000
Mcu.ThirdPartyNb=0
RCC.HCLKFreq_Value=216000000
RCC.I2C4Freq_Value=54000000
Mcu.IPNb=7
RCC.PLLI2SRoutputFreq_Value=192000000
ProjectManager.PreviousToolchain=
RCC.APB2TimFreq_Value=216000000
ADC1.Channel-1\#ChannelRegularConversion=ADC_CHANNEL_13
RCC.SPDIFRXFreq_Value=192000000
PC3.Signal=ADCx_IN13
PD0.Signal=GPXTI0
Mcu.Pin6=VP_SYS_VS_Systick
RCC.SAI2Freq_Value=192000000
PD8.Signal=USART3_TX
Mcu.Pin7=VP_TIM6_VS_ClockSourceINT
ProjectManager.RegisterCallBack=
RCC.USBFreq_Value=216000000
RCC.VCOSAIOutputFreq_Value=384000000
RCC.PLLSAIoutputFreq_Value=192000000
RCC.LSE_VALUE=32768
PD8.Mode=Asynchronous
RCC.AHBFreq_Value=216000000
Mcu.Pin0=PC3
Mcu.Pin1=PB0
GPIO.groupedBy=Group By Peripherals
Mcu.Pin2=PD8
Mcu.Pin3=PD9
RCC.USART3Freq_Value=54000000
Mcu.Pin4=PD0
RCC.VCOI2SOutputFreq_Value=384000000
Mcu.Pin5=PD1
RCC.PLLSAIRCLKFreq_Value=192000000
ProjectManager.ProjectBuild=false
RCC.HSE_VALUE=25000000
NVIC.UsageFault_IRQn=true\:0\:0\:false\:false\:true\:false\:false
NVIC.DebugMonitor_IRQn=true\:0\:0\:false\:false\:true\:false\:false
RCC.PLLSAIPCLKFreq_Value=192000000
board=custom
RCC.VCOOutputFreq_Value=432000000
PD1.GPIOParameters=GPIO_Label
NVIC.SysTick_IRQn=true\:0\:0\:false\:false\:true\:false\:true
ProjectManager.LastFirmware=true
PD1.GPIO_Label=PinB
ProjectManager.FirmwarePackage=STM32Cube FW_F7 V1.16.1
MxDb.Version=DB.6.0.21
RCC.APB2Freq_Value=108000000
RCC.UART4Freq_Value=54000000
ProjectManager.BackupPrevious=false
MxCube.Version=6.2.1
RCC.VCOInputFreq_Value=2000000
RCC.I2C1Freq_Value=54000000
RCC.PLLI2SPCLKFreq_Value=192000000
RCC.RNGFreq_Value=216000000
File.Version=6
VP_SYS_VS_Systick.Mode=SysTick
RCC.EthernetFreq_Value=216000000
TIM6.TIM_MasterOutputTrigger=TIM_TRGO_UPDATE
SH.ADCx_IN13.ConfNb=1
NVIC.NonMaskableInt_IRQn=true\:0\:0\:false\:false\:true\:false\:false
NVIC.PendSV_IRQn=true\:0\:0\:false\:false\:true\:false\:false
TIM6.Period=62499
RCC.UART5Freq_Value=54000000
ADC1.NbrOfConversion=1
ProjectManager.FreePins=false
RCC.IPParameters=AHBFreq_Value,APB1CLKDivider,APB1Freq_Value,APB1TimFreq_Value,APB2CLKDivider,APB2Freq_Value,APB2TimFreq_Value,CECFreq_Value,CortexFreq_Value,DFSDMAudioFreq_Value,DFSDMFreq_Value,EthernetFreq_Value,FCLKCortexFreq_Value,FamilyName,HCLKFreq_Value,HSE_VALUE,HSI_VALUE,I2C1Freq_Value,I2C2Freq_Value,I2C3Freq_Value,I2C4Freq_Value,I2SFreq_Value,LCDTFTFreq_Value,LPTIM1Freq_Value,LSE_VALUE,LSI_VALUE,MCO2PinFreq_Value,PLLCLKFreq_Value,PLLI2SPCLKFreq_Value,PLLI2SQCLKFreq_Value,PLLI2SRCLKFreq_Value,PLLI2SRoutputFreq_Value,PLLM,PLLN,PLLQCLKFreq_Value,PLLQoutputFreq_Value,PLLRFreq_Value,PLLSAIPCLKFreq_Value,PLLSAIQCLKFreq_Value,PLLSAIRCLKFreq_Value,PLLSAIoutputFreq_Value,RNGFreq_Value,SAI1Freq_Value,SAI2Freq_Value,SDMMC2Freq_Value,SDMMCFreq_Value,SPDIFRXFreq_Value,SYSCLKFreq_VALUE,SYSCLKSource,UART4Freq_Value,UART5Freq_Value,UART7Freq_Value,UART8Freq_Value,USART1Freq_Value,USART2Freq_Value,USART3Freq_Value,USART6Freq_Value,USBFreq_Value,VCOI2SOutputFreq_Value,VCOInputFreq_Value,VCOOutputFreq_Value,VCOSAIOutputFreq_Value
ProjectManager.AskForMigrate=true
Mcu.Name=STM32F767ZITx
RCC.PLLI2SQCLKFreq_Value=192000000
ProjectManager.HalAssertFull=false
PB0.Locked=true
ProjectManager.ProjectName=sensors
ProjectManager.UnderRoot=true
ADC1.ExternalTrigConv=ADC_EXTERNALTRIGCONV_T6_TRGO
Mcu.IP6=USART3
ProjectManager.CoupleFile=true
RCC.MCO2PinFreq_Value=216000000
NVIC.EXTI0_IRQn=true\:0\:0\:false\:false\:true\:true\:true
ADC1.SamplingTime-1\#ChannelRegularConversion=ADC_SAMPLETIME_3CYCLES
RCC.SYSCLKFreq_VALUE=216000000
Mcu.Package=LQFP144
ADC1.master=1
NVIC.ForceEnableDMAVector=true
KeepUserPlacement=false
NVIC.MemoryManagement_IRQn=true\:0\:0\:false\:false\:true\:false\:false
ProjectManager.CompilerOptimize=6
ADC1.Rank-1\#ChannelRegularConversion=1
ProjectManager.ToolChainLocation=
RCC.LSI_VALUE=32000
VP_SYS_VS_Systick.Signal=SYS_VS_Systick
SH.GPXTI0.0=GPIO_EXTI0
USART3.IPParameters=VirtualMode-Asynchronous
ProjectManager.HeapSize=0x200
NVIC.HardFault_IRQn=true\:0\:0\:false\:false\:true\:false\:false
RCC.DFSDMFreq_Value=108000000
ProjectManager.ComputerToolchain=false
RCC.HSI_VALUE=16000000
NVIC.PriorityGroup=NVIC_PRIORITYGROUP_4
ADC1.NbrOfConversionFlag=1
RCC.APB2CLKDivider=RCC_HCLK_DIV2
PD0.GPIOParameters=GPIO_Label
RCC.PLLM=8
RCC.PLLN=216
RCC.CECFreq_Value=32786.88524590164
RCC.APB1TimFreq_Value=108000000
NVIC.BusFault_IRQn=true\:0\:0\:false\:false\:true\:false\:false
RCC.DFSDMAudioFreq_Value=192000000
RCC.I2C2Freq_Value=54000000
RCC.APB1Freq_Value=54000000
PD9.Locked=true
RCC.SDMMC2Freq_Value=216000000
PD1.Locked=true
PB0.Signal=GPIO_Output
ADC1.EOCSelection=ADC_EOC_SEQ_CONV
ProjectManager.CustomerFirmwarePackage=
ProjectManager.DeviceId=STM32F767ZITx
ProjectManager.LibraryCopy=1
RCC.PLLSAIQCLKFreq_Value=192000000
isbadioc=false
